{
	"name": "front-end-foxes-website",
	"version": "2.0.0",
	"lockfileVersion": 1,
	"requires": true,
	"dependencies": {
		"vue-router": {
			"version": "4.0.0-beta.13",
			"resolved": "https://registry.npmjs.org/vue-router/-/vue-router-4.0.0-beta.13.tgz",
			"integrity": "sha512-dYv9qpHPaojQlfujViiTkPkf1Bf5RCFzkCkdVFc1cENzWJYAGJanpIHiyjyKoM4u7IDFBZMItci+U4ieaEWA8A=="
		}
	}
}
